
Microsoft Visual Studio Solution File, Format Version 9.00
# Visual Studio 2005
Project("{FAE04EC0-301F-11D3-BF4B-00C04F79EFBC}") = "SecondaryExecutableVerifier", "SecondaryExecutableVerifier\SecondaryExecutableVerifier.csproj", "{AD5BB0EE-5F52-493B-821F-50B19B1AE2C2}"
EndProject
Project("{FAE04EC0-301F-11D3-BF4B-00C04F79EFBC}") = "QualcommLibrary", "QualcommLibrary\QualcommLibrary.csproj", "{71BAD95B-0373-4126-B4C2-58B099AF4F13}"
EndProject
Global
	GlobalSection(SolutionConfigurationPlatforms) = preSolution
		Debug|Any CPU = Debug|Any CPU
		Release|Any CPU = Release|Any CPU
	EndGlobalSection
	GlobalSection(ProjectConfigurationPlatforms) = postSolution
		{AD5BB0EE-5F52-493B-821F-50B19B1AE2C2}.Debug|Any CPU.ActiveCfg = Debug|Any CPU
		{AD5BB0EE-5F52-493B-821F-50B19B1AE2C2}.Debug|Any CPU.Build.0 = Debug|Any CPU
		{AD5BB0EE-5F52-493B-821F-50B19B1AE2C2}.Release|Any CPU.ActiveCfg = Release|Any CPU
		{AD5BB0EE-5F52-493B-821F-50B19B1AE2C2}.Release|Any CPU.Build.0 = Release|Any CPU
		{71BAD95B-0373-4126-B4C2-58B099AF4F13}.Debug|Any CPU.ActiveCfg = Debug|Any CPU
		{71BAD95B-0373-4126-B4C2-58B099AF4F13}.Debug|Any CPU.Build.0 = Debug|Any CPU
		{71BAD95B-0373-4126-B4C2-58B099AF4F13}.Release|Any CPU.ActiveCfg = Release|Any CPU
		{71BAD95B-0373-4126-B4C2-58B099AF4F13}.Release|Any CPU.Build.0 = Release|Any CPU
	EndGlobalSection
	GlobalSection(SolutionProperties) = preSolution
		HideSolutionNode = FALSE
	EndGlobalSection
EndGlobal
